
Microsoft Visual Studio Solution File, Format Version 12.00
# Visual Studio Version 17
VisualStudioVersion = 17.14.37216.2 d17.14
MinimumVisualStudioVersion = 10.0.40219.1
Project("{FAE04EC0-301F-11D3-BF4B-00C04F79EFBC}") = "mf-dev-backend-2026", "mf-dev-backend-2026\mf-dev-backend-2026.csproj", "{0CDA8091-23DF-4772-9EBF-76FBD9CEDA92}"
EndProject
Global
	GlobalSection(SolutionConfigurationPlatforms) = preSolution
		Debug|Any CPU = Debug|Any CPU
		Release|Any CPU = Release|Any CPU
	EndGlobalSection
	GlobalSection(ProjectConfigurationPlatforms) = postSolution
		{0CDA8091-23DF-4772-9EBF-76FBD9CEDA92}.Debug|Any CPU.ActiveCfg = Debug|Any CPU
		{0CDA8091-23DF-4772-9EBF-76FBD9CEDA92}.Debug|Any CPU.Build.0 = Debug|Any CPU
		{0CDA8091-23DF-4772-9EBF-76FBD9CEDA92}.Release|Any CPU.ActiveCfg = Release|Any CPU
		{0CDA8091-23DF-4772-9EBF-76FBD9CEDA92}.Release|Any CPU.Build.0 = Release|Any CPU
	EndGlobalSection
	GlobalSection(SolutionProperties) = preSolution
		HideSolutionNode = FALSE
	EndGlobalSection
	GlobalSection(ExtensibilityGlobals) = postSolution
		SolutionGuid = {D3C5260B-64D5-4888-A5DB-4A3919530C8D}
	EndGlobalSection
EndGlobal
